// !$*UTF8*$!
{
	archiveVersion = 1;
	classes = {
	};
	objectVersion = 46;
	objects = {

/* Begin PBXBuildFile section */
		1794C85B18201BBC00A226B7 /* Foundation.framework in Frameworks */ = {isa = PBXBuildFile; fileRef = 1794C85A18201BBC00A226B7 /* Foundation.framework */; };
		1794C85D18201BBC00A226B7 /* CoreGraphics.framework in Frameworks */ = {isa = PBXBuildFile; fileRef = 1794C85C18201BBC00A226B7 /* CoreGraphics.framework */; };
		1794C85F18201BBC00A226B7 /* UIKit.framework in Frameworks */ = {isa = PBXBuildFile; fileRef = 1794C85E18201BBC00A226B7 /* UIKit.framework */; };
		1794C86518201BBC00A226B7 /* InfoPlist.strings in Resources */ = {isa = PBXBuildFile; fileRef = 1794C86318201BBC00A226B7 /* InfoPlist.strings */; };
		1794C86718201BBC00A226B7 /* main.m in Sources */ = {isa = PBXBuildFile; fileRef = 1794C86618201BBC00A226B7 /* main.m */; };
		1794C86B18201BBC00A226B7 /* AppDelegate.m in Sources */ = {isa = PBXBuildFile; fileRef = 1794C86A18201BBC00A226B7 /* AppDelegate.m */; };
		1794C86D18201BBC00A226B7 /* Images.xcassets in Resources */ = {isa = PBXBuildFile; fileRef = 1794C86C18201BBC00A226B7 /* Images.xcassets */; };
		1794C87418201BBC00A226B7 /* XCTest.framework in Frameworks */ = {isa = PBXBuildFile; fileRef = 1794C87318201BBC00A226B7 /* XCTest.framework */; };
		1794C87518201BBC00A226B7 /* Foundation.framework in Frameworks */ = {isa = PBXBuildFile; fileRef = 1794C85A18201BBC00A226B7 /* Foundation.framework */; };
		1794C87618201BBC00A226B7 /* UIKit.framework in Frameworks */ = {isa = PBXBuildFile; fileRef = 1794C85E18201BBC00A226B7 /* UIKit.framework */; };
		1794C87E18201BBC00A226B7 /* InfoPlist.strings in Resources */ = {isa = PBXBuildFile; fileRef = 1794C87C18201BBC00A226B7 /* InfoPlist.strings */; };
		1794C88018201BBC00A226B7 /* BI_iOS_2013_06_RESTTests.m in Sources */ = {isa = PBXBuildFile; fileRef = 1794C87F18201BBC00A226B7 /* BI_iOS_2013_06_RESTTests.m */; };
		1794C88C1820243200A226B7 /* FeedViewController.m in Sources */ = {isa = PBXBuildFile; fileRef = 1794C88B1820243200A226B7 /* FeedViewController.m */; };
		1794C88F182024E200A226B7 /* Feed.m in Sources */ = {isa = PBXBuildFile; fileRef = 1794C88E182024E200A226B7 /* Feed.m */; };
		1794C8921820255800A226B7 /* APIWrapper.m in Sources */ = {isa = PBXBuildFile; fileRef = 1794C8911820255800A226B7 /* APIWrapper.m */; };
		1794C895182028D300A226B7 /* HTTPManager.m in Sources */ = {isa = PBXBuildFile; fileRef = 1794C894182028D300A226B7 /* HTTPManager.m */; };
		1794C89818202D8200A226B7 /* FeedCell.m in Sources */ = {isa = PBXBuildFile; fileRef = 1794C89718202D8200A226B7 /* FeedCell.m */; };
		1794C89B1820652800A226B7 /* UIImage+roundImage.m in Sources */ = {isa = PBXBuildFile; fileRef = 1794C89A1820652800A226B7 /* UIImage+roundImage.m */; };
		17FE6D7E1830BA3F0037082E /* NewFeedViewController.m in Sources */ = {isa = PBXBuildFile; fileRef = 17FE6D7D1830BA3F0037082E /* NewFeedViewController.m */; };
		17FE6D811830C23C0037082E /* GalleryViewController.m in Sources */ = {isa = PBXBuildFile; fileRef = 17FE6D801830C23C0037082E /* GalleryViewController.m */; };
		D788662354F1410B9D968855 /* libPods.a in Frameworks */ = {isa = PBXBuildFile; fileRef = E128277C40444272944E9310 /* libPods.a */; };
/* End PBXBuildFile section */

/* Begin PBXContainerItemProxy section */
		1794C87718201BBC00A226B7 /* PBXContainerItemProxy */ = {
			isa = PBXContainerItemProxy;
			containerPortal = 1794C84F18201BBC00A226B7 /* Project object */;
			proxyType = 1;
			remoteGlobalIDString = 1794C85618201BBC00A226B7;
			remoteInfo = "BI-iOS-2013_06-REST";
		};
/* End PBXContainerItemProxy section */

/* Begin PBXFileReference section */
		1794C85718201BBC00A226B7 /* BI-iOS-2013_06-REST.app */ = {isa = PBXFileReference; explicitFileType = wrapper.application; includeInIndex = 0; path = "BI-iOS-2013_06-REST.app"; sourceTree = BUILT_PRODUCTS_DIR; };
		1794C85A18201BBC00A226B7 /* Foundation.framework */ = {isa = PBXFileReference; lastKnownFileType = wrapper.framework; name = Foundation.framework; path = System/Library/Frameworks/Foundation.framework; sourceTree = SDKROOT; };
		1794C85C18201BBC00A226B7 /* CoreGraphics.framework */ = {isa = PBXFileReference; lastKnownFileType = wrapper.framework; name = CoreGraphics.framework; path = System/Library/Frameworks/CoreGraphics.framework; sourceTree = SDKROOT; };
		1794C85E18201BBC00A226B7 /* UIKit.framework */ = {isa = PBXFileReference; lastKnownFileType = wrapper.framework; name = UIKit.framework; path = System/Library/Frameworks/UIKit.framework; sourceTree = SDKROOT; };
		1794C86218201BBC00A226B7 /* BI-iOS-2013_06-REST-Info.plist */ = {isa = PBXFileReference; lastKnownFileType = text.plist.xml; path = "BI-iOS-2013_06-REST-Info.plist"; sourceTree = "<group>"; };
		1794C86418201BBC00A226B7 /* en */ = {isa = PBXFileReference; lastKnownFileType = text.plist.strings; name = en; path = en.lproj/InfoPlist.strings; sourceTree = "<group>"; };
		1794C86618201BBC00A226B7 /* main.m */ = {isa = PBXFileReference; lastKnownFileType = sourcecode.c.objc; path = main.m; sourceTree = "<group>"; };
		1794C86818201BBC00A226B7 /* BI-iOS-2013_06-REST-Prefix.pch */ = {isa = PBXFileReference; lastKnownFileType = sourcecode.c.h; path = "BI-iOS-2013_06-REST-Prefix.pch"; sourceTree = "<group>"; };
		1794C86918201BBC00A226B7 /* AppDelegate.h */ = {isa = PBXFileReference; lastKnownFileType = sourcecode.c.h; path = AppDelegate.h; sourceTree = "<group>"; };
		1794C86A18201BBC00A226B7 /* AppDelegate.m */ = {isa = PBXFileReference; lastKnownFileType = sourcecode.c.objc; path = AppDelegate.m; sourceTree = "<group>"; };
		1794C86C18201BBC00A226B7 /* Images.xcassets */ = {isa = PBXFileReference; lastKnownFileType = folder.assetcatalog; path = Images.xcassets; sourceTree = "<group>"; };
		1794C87218201BBC00A226B7 /* BI-iOS-2013_06-RESTTests.xctest */ = {isa = PBXFileReference; explicitFileType = wrapper.cfbundle; includeInIndex = 0; path = "BI-iOS-2013_06-RESTTests.xctest"; sourceTree = BUILT_PRODUCTS_DIR; };
		1794C87318201BBC00A226B7 /* XCTest.framework */ = {isa = PBXFileReference; lastKnownFileType = wrapper.framework; name = XCTest.framework; path = Library/Frameworks/XCTest.framework; sourceTree = DEVELOPER_DIR; };
		1794C87B18201BBC00A226B7 /* BI-iOS-2013_06-RESTTests-Info.plist */ = {isa = PBXFileReference; lastKnownFileType = text.plist.xml; path = "BI-iOS-2013_06-RESTTests-Info.plist"; sourceTree = "<group>"; };
		1794C87D18201BBC00A226B7 /* en */ = {isa = PBXFileReference; lastKnownFileType = text.plist.strings; name = en; path = en.lproj/InfoPlist.strings; sourceTree = "<group>"; };
		1794C87F18201BBC00A226B7 /* BI_iOS_2013_06_RESTTests.m */ = {isa = PBXFileReference; lastKnownFileType = sourcecode.c.objc; path = BI_iOS_2013_06_RESTTests.m; sourceTree = "<group>"; };
		1794C8891820226800A226B7 /* HPTCommon.h */ = {isa = PBXFileReference; lastKnownFileType = sourcecode.c.h; path = HPTCommon.h; sourceTree = "<group>"; };
		1794C88A1820243200A226B7 /* FeedViewController.h */ = {isa = PBXFileReference; fileEncoding = 4; lastKnownFileType = sourcecode.c.h; path = FeedViewController.h; sourceTree = "<group>"; };
		1794C88B1820243200A226B7 /* FeedViewController.m */ = {isa = PBXFileReference; fileEncoding = 4; lastKnownFileType = sourcecode.c.objc; path = FeedViewController.m; sourceTree = "<group>"; };
		1794C88D182024E200A226B7 /* Feed.h */ = {isa = PBXFileReference; fileEncoding = 4; lastKnownFileType = sourcecode.c.h; path = Feed.h; sourceTree = "<group>"; };
		1794C88E182024E200A226B7 /* Feed.m */ = {isa = PBXFileReference; fileEncoding = 4; lastKnownFileType = sourcecode.c.objc; path = Feed.m; sourceTree = "<group>"; };
		1794C8901820255800A226B7 /* APIWrapper.h */ = {isa = PBXFileReference; fileEncoding = 4; lastKnownFileType = sourcecode.c.h; path = APIWrapper.h; sourceTree = "<group>"; };
		1794C8911820255800A226B7 /* APIWrapper.m */ = {isa = PBXFileReference; fileEncoding = 4; lastKnownFileType = sourcecode.c.objc; path = APIWrapper.m; sourceTree = "<group>"; };
		1794C893182028D300A226B7 /* HTTPManager.h */ = {isa = PBXFileReference; fileEncoding = 4; lastKnownFileType = sourcecode.c.h; name = HTTPManager.h; path = ../HTTPManager.h; sourceTree = "<group>"; };
		1794C894182028D300A226B7 /* HTTPManager.m */ = {isa = PBXFileReference; fileEncoding = 4; lastKnownFileType = sourcecode.c.objc; name = HTTPManager.m; path = ../HTTPManager.m; sourceTree = "<group>"; };
		1794C89618202D8200A226B7 /* FeedCell.h */ = {isa = PBXFileReference; fileEncoding = 4; lastKnownFileType = sourcecode.c.h; path = FeedCell.h; sourceTree = "<group>"; };
		1794C89718202D8200A226B7 /* FeedCell.m */ = {isa = PBXFileReference; fileEncoding = 4; lastKnownFileType = sourcecode.c.objc; path = FeedCell.m; sourceTree = "<group>"; };
		1794C8991820652800A226B7 /* UIImage+roundImage.h */ = {isa = PBXFileReference; fileEncoding = 4; lastKnownFileType = sourcecode.c.h; path = "UIImage+roundImage.h"; sourceTree = "<group>"; };
		1794C89A1820652800A226B7 /* UIImage+roundImage.m */ = {isa = PBXFileReference; fileEncoding = 4; lastKnownFileType = sourcecode.c.objc; path = "UIImage+roundImage.m"; sourceTree = "<group>"; };
		17FE6D7C1830BA3F0037082E /* NewFeedViewController.h */ = {isa = PBXFileReference; fileEncoding = 4; lastKnownFileType = sourcecode.c.h; path = NewFeedViewController.h; sourceTree = "<group>"; };
		17FE6D7D1830BA3F0037082E /* NewFeedViewController.m */ = {isa = PBXFileReference; fileEncoding = 4; lastKnownFileType = sourcecode.c.objc; path = NewFeedViewController.m; sourceTree = "<group>"; };
		17FE6D7F1830C23C0037082E /* GalleryViewController.h */ = {isa = PBXFileReference; fileEncoding = 4; lastKnownFileType = sourcecode.c.h; path = GalleryViewController.h; sourceTree = "<group>"; };
		17FE6D801830C23C0037082E /* GalleryViewController.m */ = {isa = PBXFileReference; fileEncoding = 4; lastKnownFileType = sourcecode.c.objc; path = GalleryViewController.m; sourceTree = "<group>"; };
		2D9922B3195444D88E529C28 /* Pods.xcconfig */ = {isa = PBXFileReference; includeInIndex = 1; lastKnownFileType = text.xcconfig; name = Pods.xcconfig; path = Pods/Pods.xcconfig; sourceTree = "<group>"; };
		E128277C40444272944E9310 /* libPods.a */ = {isa = PBXFileReference; explicitFileType = archive.ar; includeInIndex = 0; path = libPods.a; sourceTree = BUILT_PRODUCTS_DIR; };
/* End PBXFileReference section */

/* Begin PBXFrameworksBuildPhase section */
		1794C85418201BBC00A226B7 /* Frameworks */ = {
			isa = PBXFrameworksBuildPhase;
			buildActionMask = 2147483647;
			files = (
				1794C85D18201BBC00A226B7 /* CoreGraphics.framework in Frameworks */,
				1794C85F18201BBC00A226B7 /* UIKit.framework in Frameworks */,
				1794C85B18201BBC00A226B7 /* Foundation.framework in Frameworks */,
				D788662354F1410B9D968855 /* libPods.a in Frameworks */,
			);
			runOnlyForDeploymentPostprocessing = 0;
		};
		1794C86F18201BBC00A226B7 /* Frameworks */ = {
			isa = PBXFrameworksBuildPhase;
			buildActionMask = 2147483647;
			files = (
				1794C87418201BBC00A226B7 /* XCTest.framework in Frameworks */,
				1794C87618201BBC00A226B7 /* UIKit.framework in Frameworks */,
				1794C87518201BBC00A226B7 /* Foundation.framework in Frameworks */,
			);
			runOnlyForDeploymentPostprocessing = 0;
		};
/* End PBXFrameworksBuildPhase section */

/* Begin PBXGroup section */
		1794C84E18201BBC00A226B7 = {
			isa = PBXGroup;
			children = (
				1794C86018201BBC00A226B7 /* BI-iOS-2013_06-REST */,
				1794C87918201BBC00A226B7 /* BI-iOS-2013_06-RESTTests */,
				1794C85918201BBC00A226B7 /* Frameworks */,
				1794C85818201BBC00A226B7 /* Products */,
				2D9922B3195444D88E529C28 /* Pods.xcconfig */,
			);
			sourceTree = "<group>";
		};
		1794C85818201BBC00A226B7 /* Products */ = {
			isa = PBXGroup;
			children = (
				1794C85718201BBC00A226B7 /* BI-iOS-2013_06-REST.app */,
				1794C87218201BBC00A226B7 /* BI-iOS-2013_06-RESTTests.xctest */,
			);
			name = Products;
			sourceTree = "<group>";
		};
		1794C85918201BBC00A226B7 /* Frameworks */ = {
			isa = PBXGroup;
			children = (
				1794C85A18201BBC00A226B7 /* Foundation.framework */,
				1794C85C18201BBC00A226B7 /* CoreGraphics.framework */,
				1794C85E18201BBC00A226B7 /* UIKit.framework */,
				1794C87318201BBC00A226B7 /* XCTest.framework */,
				E128277C40444272944E9310 /* libPods.a */,
			);
			name = Frameworks;
			sourceTree = "<group>";
		};
		1794C86018201BBC00A226B7 /* BI-iOS-2013_06-REST */ = {
			isa = PBXGroup;
			children = (
				17A9FE261830EEFA009A1AD3 /* Extension */,
				17A9FE251830EED7009A1AD3 /* Service */,
				17A9FE241830EED2009A1AD3 /* Network */,
				17A9FE231830EECE009A1AD3 /* Controller */,
				17A9FE221830EEC9009A1AD3 /* View */,
				17A9FE211830EEC5009A1AD3 /* Model */,
				1794C86918201BBC00A226B7 /* AppDelegate.h */,
				1794C86A18201BBC00A226B7 /* AppDelegate.m */,
				1794C86C18201BBC00A226B7 /* Images.xcassets */,
				1794C86118201BBC00A226B7 /* Supporting Files */,
			);
			path = "BI-iOS-2013_06-REST";
			sourceTree = "<group>";
		};
		1794C86118201BBC00A226B7 /* Supporting Files */ = {
			isa = PBXGroup;
			children = (
				1794C8891820226800A226B7 /* HPTCommon.h */,
				1794C86218201BBC00A226B7 /* BI-iOS-2013_06-REST-Info.plist */,
				1794C86318201BBC00A226B7 /* InfoPlist.strings */,
				1794C86618201BBC00A226B7 /* main.m */,
				1794C86818201BBC00A226B7 /* BI-iOS-2013_06-REST-Prefix.pch */,
			);
			name = "Supporting Files";
			sourceTree = "<group>";
		};
		1794C87918201BBC00A226B7 /* BI-iOS-2013_06-RESTTests */ = {
			isa = PBXGroup;
			children = (
				1794C87F18201BBC00A226B7 /* BI_iOS_2013_06_RESTTests.m */,
				1794C87A18201BBC00A226B7 /* Supporting Files */,
			);
			path = "BI-iOS-2013_06-RESTTests";
			sourceTree = "<group>";
		};
		1794C87A18201BBC00A226B7 /* Supporting Files */ = {
			isa = PBXGroup;
			children = (
				1794C87B18201BBC00A226B7 /* BI-iOS-2013_06-RESTTests-Info.plist */,
				1794C87C18201BBC00A226B7 /* InfoPlist.strings */,
			);
			name = "Supporting Files";
			sourceTree = "<group>";
		};
		17A9FE211830EEC5009A1AD3 /* Model */ = {
			isa = PBXGroup;
			children = (
				1794C88D182024E200A226B7 /* Feed.h */,
				1794C88E182024E200A226B7 /* Feed.m */,
			);
			name = Model;
			sourceTree = "<group>";
		};
		17A9FE221830EEC9009A1AD3 /* View */ = {
			isa = PBXGroup;
			children = (
				1794C89618202D8200A226B7 /* FeedCell.h */,
				1794C89718202D8200A226B7 /* FeedCell.m */,
			);
			name = View;
			sourceTree = "<group>";
		};
		17A9FE231830EECE009A1AD3 /* Controller */ = {
			isa = PBXGroup;
			children = (
				1794C88A1820243200A226B7 /* FeedViewController.h */,
				1794C88B1820243200A226B7 /* FeedViewController.m */,
				17FE6D7C1830BA3F0037082E /* NewFeedViewController.h */,
				17FE6D7D1830BA3F0037082E /* NewFeedViewController.m */,
				17FE6D7F1830C23C0037082E /* GalleryViewController.h */,
				17FE6D801830C23C0037082E /* GalleryViewController.m */,
			);
			name = Controller;
			sourceTree = "<group>";
		};
		17A9FE241830EED2009A1AD3 /* Network */ = {
			isa = PBXGroup;
			children = (
				1794C893182028D300A226B7 /* HTTPManager.h */,
				1794C894182028D300A226B7 /* HTTPManager.m */,
				1794C8901820255800A226B7 /* APIWrapper.h */,
				1794C8911820255800A226B7 /* APIWrapper.m */,
			);
			name = Network;
			sourceTree = "<group>";
		};
		17A9FE251830EED7009A1AD3 /* Service */ = {
			isa = PBXGroup;
			children = (
			);
			name = Service;
			path = ..;
			sourceTree = "<group>";
		};
		17A9FE261830EEFA009A1AD3 /* Extension */ = {
			isa = PBXGroup;
			children = (
				1794C8991820652800A226B7 /* UIImage+roundImage.h */,
				1794C89A1820652800A226B7 /* UIImage+roundImage.m */,
			);
			name = Extension;
			sourceTree = "<group>";
		};
/* End PBXGroup section */

/* Begin PBXNativeTarget section */
		1794C85618201BBC00A226B7 /* BI-iOS-2013_06-REST */ = {
			isa = PBXNativeTarget;
			buildConfigurationList = 1794C88318201BBC00A226B7 /* Build configuration list for PBXNativeTarget "BI-iOS-2013_06-REST" */;
			buildPhases = (
				2E7A40F7351240F9B74FBE7A /* Check Pods Manifest.lock */,
				1794C85318201BBC00A226B7 /* Sources */,
				1794C85418201BBC00A226B7 /* Frameworks */,
				1794C85518201BBC00A226B7 /* Resources */,
				D25379523E474FAF85E7ECDB /* Copy Pods Resources */,
			);
			buildRules = (
			);
			dependencies = (
			);
			name = "BI-iOS-2013_06-REST";
			productName = "BI-iOS-2013_06-REST";
			productReference = 1794C85718201BBC00A226B7 /* BI-iOS-2013_06-REST.app */;
			productType = "com.apple.product-type.application";
		};
		1794C87118201BBC00A226B7 /* BI-iOS-2013_06-RESTTests */ = {
			isa = PBXNativeTarget;
			buildConfigurationList = 1794C88618201BBC00A226B7 /* Build configuration list for PBXNativeTarget "BI-iOS-2013_06-RESTTests" */;
			buildPhases = (
				1794C86E18201BBC00A226B7 /* Sources */,
				1794C86F18201BBC00A226B7 /* Frameworks */,
				1794C87018201BBC00A226B7 /* Resources */,
			);
			buildRules = (
			);
			dependencies = (
				1794C87818201BBC00A226B7 /* PBXTargetDependency */,
			);
			name = "BI-iOS-2013_06-RESTTests";
			productName = "BI-iOS-2013_06-RESTTests";
			productReference = 1794C87218201BBC00A226B7 /* BI-iOS-2013_06-RESTTests.xctest */;
			productType = "com.apple.product-type.bundle.unit-test";
		};
/* End PBXNativeTarget section */

/* Begin PBXProject section */
		1794C84F18201BBC00A226B7 /* Project object */ = {
			isa = PBXProject;
			attributes = {
				LastUpgradeCheck = 0500;
				ORGANIZATIONNAME = "Flowknight s.r.o.";
				TargetAttributes = {
					1794C87118201BBC00A226B7 = {
						TestTargetID = 1794C85618201BBC00A226B7;
					};
				};
			};
			buildConfigurationList = 1794C85218201BBC00A226B7 /* Build configuration list for PBXProject "BI-iOS-2013_06-REST" */;
			compatibilityVersion = "Xcode 3.2";
			developmentRegion = English;
			hasScannedForEncodings = 0;
			knownRegions = (
				en,
			);
			mainGroup = 1794C84E18201BBC00A226B7;
			productRefGroup = 1794C85818201BBC00A226B7 /* Products */;
			projectDirPath = "";
			projectRoot = "";
			targets = (
				1794C85618201BBC00A226B7 /* BI-iOS-2013_06-REST */,
				1794C87118201BBC00A226B7 /* BI-iOS-2013_06-RESTTests */,
			);
		};
/* End PBXProject section */

/* Begin PBXResourcesBuildPhase section */
		1794C85518201BBC00A226B7 /* Resources */ = {
			isa = PBXResourcesBuildPhase;
			buildActionMask = 2147483647;
			files = (
				1794C86518201BBC00A226B7 /* InfoPlist.strings in Resources */,
				1794C86D18201BBC00A226B7 /* Images.xcassets in Resources */,
			);
			runOnlyForDeploymentPostprocessing = 0;
		};
		1794C87018201BBC00A226B7 /* Resources */ = {
			isa = PBXResourcesBuildPhase;
			buildActionMask = 2147483647;
			files = (
				1794C87E18201BBC00A226B7 /* InfoPlist.strings in Resources */,
			);
			runOnlyForDeploymentPostprocessing = 0;
		};
/* End PBXResourcesBuildPhase section */

/* Begin PBXShellScriptBuildPhase section */
		2E7A40F7351240F9B74FBE7A /* Check Pods Manifest.lock */ = {
			isa = PBXShellScriptBuildPhase;
			buildActionMask = 2147483647;
			files = (
			);
			inputPaths = (
			);
			name = "Check Pods Manifest.lock";
			outputPaths = (
			);
			runOnlyForDeploymentPostprocessing = 0;
			shellPath = /bin/sh;
			shellScript = "diff \"${PODS_ROOT}/../Podfile.lock\" \"${PODS_ROOT}/Manifest.lock\" > /dev/null\nif [[ $? != 0 ]] ; then\n    cat << EOM\nerror: The sandbox is not in sync with the Podfile.lock. Run 'pod install' or update your CocoaPods installation.\nEOM\n    exit 1\nfi\n";
			showEnvVarsInLog = 0;
		};
		D25379523E474FAF85E7ECDB /* Copy Pods Resources */ = {
			isa = PBXShellScriptBuildPhase;
			buildActionMask = 2147483647;
			files = (
			);
			inputPaths = (
			);
			name = "Copy Pods Resources";
			outputPaths = (
			);
			runOnlyForDeploymentPostprocessing = 0;
			shellPath = /bin/sh;
			shellScript = "\"${SRCROOT}/Pods/Pods-resources.sh\"\n";
			showEnvVarsInLog = 0;
		};
/* End PBXShellScriptBuildPhase section */

/* Begin PBXSourcesBuildPhase section */
		1794C85318201BBC00A226B7 /* Sources */ = {
			isa = PBXSourcesBuildPhase;
			buildActionMask = 2147483647;
			files = (
				1794C86B18201BBC00A226B7 /* AppDelegate.m in Sources */,
				17FE6D7E1830BA3F0037082E /* NewFeedViewController.m in Sources */,
				1794C88F182024E200A226B7 /* Feed.m in Sources */,
				1794C89818202D8200A226B7 /* FeedCell.m in Sources */,
				1794C88C1820243200A226B7 /* FeedViewController.m in Sources */,
				1794C895182028D300A226B7 /* HTTPManager.m in Sources */,
				1794C86718201BBC00A226B7 /* main.m in Sources */,
				1794C89B1820652800A226B7 /* UIImage+roundImage.m in Sources */,
				1794C8921820255800A226B7 /* APIWrapper.m in Sources */,
				17FE6D811830C23C0037082E /* GalleryViewController.m in Sources */,
			);
			runOnlyForDeploymentPostprocessing = 0;
		};
		1794C86E18201BBC00A226B7 /* Sources */ = {
			isa = PBXSourcesBuildPhase;
			buildActionMask = 2147483647;
			files = (
				1794C88018201BBC00A226B7 /* BI_iOS_2013_06_RESTTests.m in Sources */,
			);
			runOnlyForDeploymentPostprocessing = 0;
		};
/* End PBXSourcesBuildPhase section */

/* Begin PBXTargetDependency section */
		1794C87818201BBC00A226B7 /* PBXTargetDependency */ = {
			isa = PBXTargetDependency;
			target = 1794C85618201BBC00A226B7 /* BI-iOS-2013_06-REST */;
			targetProxy = 1794C87718201BBC00A226B7 /* PBXContainerItemProxy */;
		};
/* End PBXTargetDependency section */

/* Begin PBXVariantGroup section */
		1794C86318201BBC00A226B7 /* InfoPlist.strings */ = {
			isa = PBXVariantGroup;
			children = (
				1794C86418201BBC00A226B7 /* en */,
			);
			name = InfoPlist.strings;
			sourceTree = "<group>";
		};
		1794C87C18201BBC00A226B7 /* InfoPlist.strings */ = {
			isa = PBXVariantGroup;
			children = (
				1794C87D18201BBC00A226B7 /* en */,
			);
			name = InfoPlist.strings;
			sourceTree = "<group>";
		};
/* End PBXVariantGroup section */

/* Begin XCBuildConfiguration section */
		1794C88118201BBC00A226B7 /* Debug */ = {
			isa = XCBuildConfiguration;
			buildSettings = {
				ALWAYS_SEARCH_USER_PATHS = NO;
				ARCHS = "$(ARCHS_STANDARD_INCLUDING_64_BIT)";
				CLANG_CXX_LANGUAGE_STANDARD = "gnu++0x";
				CLANG_CXX_LIBRARY = "libc++";
				CLANG_ENABLE_MODULES = YES;
				CLANG_ENABLE_OBJC_ARC = YES;
				CLANG_WARN_BOOL_CONVERSION = YES;
				CLANG_WARN_CONSTANT_CONVERSION = YES;
				CLANG_WARN_DIRECT_OBJC_ISA_USAGE = YES_ERROR;
				CLANG_WARN_EMPTY_BODY = YES;
				CLANG_WARN_ENUM_CONVERSION = YES;
				CLANG_WARN_INT_CONVERSION = YES;
				CLANG_WARN_OBJC_ROOT_CLASS = YES_ERROR;
				CLANG_WARN__DUPLICATE_METHOD_MATCH = YES;
				"CODE_SIGN_IDENTITY[sdk=iphoneos*]" = "iPhone Developer";
				COPY_PHASE_STRIP = NO;
				GCC_C_LANGUAGE_STANDARD = gnu99;
				GCC_DYNAMIC_NO_PIC = NO;
				GCC_OPTIMIZATION_LEVEL = 0;
				GCC_PREPROCESSOR_DEFINITIONS = (
					"DEBUG=1",
					"$(inherited)",
				);
				GCC_SYMBOLS_PRIVATE_EXTERN = NO;
				GCC_WARN_64_TO_32_BIT_CONVERSION = YES;
				GCC_WARN_ABOUT_RETURN_TYPE = YES_ERROR;
				GCC_WARN_UNDECLARED_SELECTOR = YES;
				GCC_WARN_UNINITIALIZED_AUTOS = YES;
				GCC_WARN_UNUSED_FUNCTION = YES;
				GCC_WARN_UNUSED_VARIABLE = YES;
				IPHONEOS_DEPLOYMENT_TARGET = 7.0;
				ONLY_ACTIVE_ARCH = YES;
				SDKROOT = iphoneos;
			};
			name = Debug;
		};
		1794C88218201BBC00A226B7 /* Release */ = {
			isa = XCBuildConfiguration;
			buildSettings = {
				ALWAYS_SEARCH_USER_PATHS = NO;
				ARCHS = "$(ARCHS_STANDARD_INCLUDING_64_BIT)";
				CLANG_CXX_LANGUAGE_STANDARD = "gnu++0x";
				CLANG_CXX_LIBRARY = "libc++";
				CLANG_ENABLE_MODULES = YES;
				CLANG_ENABLE_OBJC_ARC = YES;
				CLANG_WARN_BOOL_CONVERSION = YES;
				CLANG_WARN_CONSTANT_CONVERSION = YES;
				CLANG_WARN_DIRECT_OBJC_ISA_USAGE = YES_ERROR;
				CLANG_WARN_EMPTY_BODY = YES;
				CLANG_WARN_ENUM_CONVERSION = YES;
				CLANG_WARN_INT_CONVERSION = YES;
				CLANG_WARN_OBJC_ROOT_CLASS = YES_ERROR;
				CLANG_WARN__DUPLICATE_METHOD_MATCH = YES;
				"CODE_SIGN_IDENTITY[sdk=iphoneos*]" = "iPhone Developer";
				COPY_PHASE_STRIP = YES;
				ENABLE_NS_ASSERTIONS = NO;
				GCC_C_LANGUAGE_STANDARD = gnu99;
				GCC_WARN_64_TO_32_BIT_CONVERSION = YES;
				GCC_WARN_ABOUT_RETURN_TYPE = YES_ERROR;
				GCC_WARN_UNDECLARED_SELECTOR = YES;
				GCC_WARN_UNINITIALIZED_AUTOS = YES;
				GCC_WARN_UNUSED_FUNCTION = YES;
				GCC_WARN_UNUSED_VARIABLE = YES;
				IPHONEOS_DEPLOYMENT_TARGET = 7.0;
				SDKROOT = iphoneos;
				VALIDATE_PRODUCT = YES;
			};
			name = Release;
		};
		1794C88418201BBC00A226B7 /* Debug */ = {
			isa = XCBuildConfiguration;
			baseConfigurationReference = 2D9922B3195444D88E529C28 /* Pods.xcconfig */;
			buildSettings = {
				ASSETCATALOG_COMPILER_APPICON_NAME = AppIcon;
				ASSETCATALOG_COMPILER_LAUNCHIMAGE_NAME = LaunchImage;
				CODE_SIGN_IDENTITY = "iPhone Developer: Jakub Hladik (2S6A8YCBVP)";
				GCC_PRECOMPILE_PREFIX_HEADER = YES;
				GCC_PREFIX_HEADER = "BI-iOS-2013_06-REST/BI-iOS-2013_06-REST-Prefix.pch";
				INFOPLIST_FILE = "BI-iOS-2013_06-REST/BI-iOS-2013_06-REST-Info.plist";
				PRODUCT_NAME = "$(TARGET_NAME)";
				PROVISIONING_PROFILE = "21A64B39-3F3C-4CA4-BF42-11AE8B63FA3F";
				VALID_ARCHS = "armv7 armv7s";
				WRAPPER_EXTENSION = app;
			};
			name = Debug;
		};
		1794C88518201BBC00A226B7 /* Release */ = {
			isa = XCBuildConfiguration;
			baseConfigurationReference = 2D9922B3195444D88E529C28 /* Pods.xcconfig */;
			buildSettings = {
				ASSETCATALOG_COMPILER_APPICON_NAME = AppIcon;
				ASSETCATALOG_COMPILER_LAUNCHIMAGE_NAME = LaunchImage;
				CODE_SIGN_IDENTITY = "iPhone Developer: Jakub Hladik (2S6A8YCBVP)";
				GCC_PRECOMPILE_PREFIX_HEADER = YES;
				GCC_PREFIX_HEADER = "BI-iOS-2013_06-REST/BI-iOS-2013_06-REST-Prefix.pch";
				INFOPLIST_FILE = "BI-iOS-2013_06-REST/BI-iOS-2013_06-REST-Info.plist";
				PRODUCT_NAME = "$(TARGET_NAME)";
				PROVISIONING_PROFILE = "21A64B39-3F3C-4CA4-BF42-11AE8B63FA3F";
				VALID_ARCHS = "armv7 armv7s";
				WRAPPER_EXTENSION = app;
			};
			name = Release;
		};
		1794C88718201BBC00A226B7 /* Debug */ = {
			isa = XCBuildConfiguration;
			buildSettings = {
				ARCHS = "$(ARCHS_STANDARD_INCLUDING_64_BIT)";
				BUNDLE_LOADER = "$(BUILT_PRODUCTS_DIR)/BI-iOS-2013_06-REST.app/BI-iOS-2013_06-REST";
				FRAMEWORK_SEARCH_PATHS = (
					"$(SDKROOT)/Developer/Library/Frameworks",
					"$(inherited)",
					"$(DEVELOPER_FRAMEWORKS_DIR)",
				);
				GCC_PRECOMPILE_PREFIX_HEADER = YES;
				GCC_PREFIX_HEADER = "BI-iOS-2013_06-REST/BI-iOS-2013_06-REST-Prefix.pch";
				GCC_PREPROCESSOR_DEFINITIONS = (
					"DEBUG=1",
					"$(inherited)",
				);
				INFOPLIST_FILE = "BI-iOS-2013_06-RESTTests/BI-iOS-2013_06-RESTTests-Info.plist";
				PRODUCT_NAME = "$(TARGET_NAME)";
				TEST_HOST = "$(BUNDLE_LOADER)";
				WRAPPER_EXTENSION = xctest;
			};
			name = Debug;
		};
		1794C88818201BBC00A226B7 /* Release */ = {
			isa = XCBuildConfiguration;
			buildSettings = {
				ARCHS = "$(ARCHS_STANDARD_INCLUDING_64_BIT)";
				BUNDLE_LOADER = "$(BUILT_PRODUCTS_DIR)/BI-iOS-2013_06-REST.app/BI-iOS-2013_06-REST";
				FRAMEWORK_SEARCH_PATHS = (
					"$(SDKROOT)/Developer/Library/Frameworks",
					"$(inherited)",
					"$(DEVELOPER_FRAMEWORKS_DIR)",
				);
				GCC_PRECOMPILE_PREFIX_HEADER = YES;
				GCC_PREFIX_HEADER = "BI-iOS-2013_06-REST/BI-iOS-2013_06-REST-Prefix.pch";
				INFOPLIST_FILE = "BI-iOS-2013_06-RESTTests/BI-iOS-2013_06-RESTTests-Info.plist";
				PRODUCT_NAME = "$(TARGET_NAME)";
				TEST_HOST = "$(BUNDLE_LOADER)";
				WRAPPER_EXTENSION = xctest;
			};
			name = Release;
		};
/* End XCBuildConfiguration section */

/* Begin XCConfigurationList section */
		1794C85218201BBC00A226B7 /* Build configuration list for PBXProject "BI-iOS-2013_06-REST" */ = {
			isa = XCConfigurationList;
			buildConfigurations = (
				1794C88118201BBC00A226B7 /* Debug */,
				1794C88218201BBC00A226B7 /* Release */,
			);
			defaultConfigurationIsVisible = 0;
			defaultConfigurationName = Release;
		};
		1794C88318201BBC00A226B7 /* Build configuration list for PBXNativeTarget "BI-iOS-2013_06-REST" */ = {
			isa = XCConfigurationList;
			buildConfigurations = (
				1794C88418201BBC00A226B7 /* Debug */,
				1794C88518201BBC00A226B7 /* Release */,
			);
			defaultConfigurationIsVisible = 0;
			defaultConfigurationName = Release;
		};
		1794C88618201BBC00A226B7 /* Build configuration list for PBXNativeTarget "BI-iOS-2013_06-RESTTests" */ = {
			isa = XCConfigurationList;
			buildConfigurations = (
				1794C88718201BBC00A226B7 /* Debug */,
				1794C88818201BBC00A226B7 /* Release */,
			);
			defaultConfigurationIsVisible = 0;
			defaultConfigurationName = Release;
		};
/* End XCConfigurationList section */
	};
	rootObject = 1794C84F18201BBC00A226B7 /* Project object */;
}
